// !$*UTF8*$!
{
	archiveVersion = 1;
	classes = {
	};
	objectVersion = 56;
	objects = {

/* Begin PBXBuildFile section */
		5A0FD3832BF3FC19003A3D8E /* FilterObject.swift in Sources */ = {isa = PBXBuildFile; fileRef = 5A0FD3822BF3FC19003A3D8E /* FilterObject.swift */; };
		5A301B972BA8CE59000F85B1 /* CarObject.swift in Sources */ = {isa = PBXBuildFile; fileRef = 5A301B962BA8CE59000F85B1 /* CarObject.swift */; };
		5A301B992BA8DC27000F85B1 /* NotoSans-SemiBold.ttf in Resources */ = {isa = PBXBuildFile; fileRef = 5A301B982BA8DC27000F85B1 /* NotoSans-SemiBold.ttf */; };
		5A301B9B2BA90108000F85B1 /* SearchResultsView.swift in Sources */ = {isa = PBXBuildFile; fileRef = 5A301B9A2BA90107000F85B1 /* SearchResultsView.swift */; };
		5A301B9D2BA90120000F85B1 /* MenuView.swift in Sources */ = {isa = PBXBuildFile; fileRef = 5A301B9C2BA90120000F85B1 /* MenuView.swift */; };
		5A301B9F2BA922C2000F85B1 /* CarList.swift in Sources */ = {isa = PBXBuildFile; fileRef = 5A301B9E2BA922C2000F85B1 /* CarList.swift */; };
		5A5F552E2BCCA6490031D494 /* LocationManager.swift in Sources */ = {isa = PBXBuildFile; fileRef = 5A5F552D2BCCA6490031D494 /* LocationManager.swift */; };
		5A9E911A2BCD00F700BC4422 /* CarDetailView.swift in Sources */ = {isa = PBXBuildFile; fileRef = 5A9E91192BCD00F700BC4422 /* CarDetailView.swift */; };
		5AAFD7EC2BA80D410009E324 /* HunterBeesleyDownshiftAppApp.swift in Sources */ = {isa = PBXBuildFile; fileRef = 5AAFD7EB2BA80D410009E324 /* HunterBeesleyDownshiftAppApp.swift */; };
		5AAFD7EE2BA80D410009E324 /* ContentView.swift in Sources */ = {isa = PBXBuildFile; fileRef = 5AAFD7ED2BA80D410009E324 /* ContentView.swift */; };
		5AAFD7F02BA80D440009E324 /* Assets.xcassets in Resources */ = {isa = PBXBuildFile; fileRef = 5AAFD7EF2BA80D440009E324 /* Assets.xcassets */; };
		5AAFD7F32BA80D440009E324 /* Preview Assets.xcassets in Resources */ = {isa = PBXBuildFile; fileRef = 5AAFD7F22BA80D440009E324 /* Preview Assets.xcassets */; };
		5AAFD7FC2BA813540009E324 /* NotoSans-Bold.ttf in Resources */ = {isa = PBXBuildFile; fileRef = 5AAFD7FB2BA813540009E324 /* NotoSans-Bold.ttf */; };
		5AAFD7FF2BA819910009E324 /* FilterView.swift in Sources */ = {isa = PBXBuildFile; fileRef = 5AAFD7FE2BA819910009E324 /* FilterView.swift */; };
		5AAFD8032BA81E9B0009E324 /* NotoSans-Regular.ttf in Resources */ = {isa = PBXBuildFile; fileRef = 5AAFD8022BA81E9B0009E324 /* NotoSans-Regular.ttf */; };
/* End PBXBuildFile section */

/* Begin PBXFileReference section */
		5A0FD3822BF3FC19003A3D8E /* FilterObject.swift */ = {isa = PBXFileReference; lastKnownFileType = sourcecode.swift; path = FilterObject.swift; sourceTree = "<group>"; };
		5A301B962BA8CE59000F85B1 /* CarObject.swift */ = {isa = PBXFileReference; lastKnownFileType = sourcecode.swift; path = CarObject.swift; sourceTree = "<group>"; };
		5A301B982BA8DC27000F85B1 /* NotoSans-SemiBold.ttf */ = {isa = PBXFileReference; lastKnownFileType = file; path = "NotoSans-SemiBold.ttf"; sourceTree = "<group>"; };
		5A301B9A2BA90107000F85B1 /* SearchResultsView.swift */ = {isa = PBXFileReference; lastKnownFileType = sourcecode.swift; path = SearchResultsView.swift; sourceTree = "<group>"; };
		5A301B9C2BA90120000F85B1 /* MenuView.swift */ = {isa = PBXFileReference; lastKnownFileType = sourcecode.swift; path = MenuView.swift; sourceTree = "<group>"; };
		5A301B9E2BA922C2000F85B1 /* CarList.swift */ = {isa = PBXFileReference; lastKnownFileType = sourcecode.swift; path = CarList.swift; sourceTree = "<group>"; };
		5A5F552D2BCCA6490031D494 /* LocationManager.swift */ = {isa = PBXFileReference; lastKnownFileType = sourcecode.swift; path = LocationManager.swift; sourceTree = "<group>"; };
		5A66FDB92C13D59A009F628A /* Config.xcconfig */ = {isa = PBXFileReference; lastKnownFileType = text.xcconfig; path = Config.xcconfig; sourceTree = "<group>"; };
		5A9E91192BCD00F700BC4422 /* CarDetailView.swift */ = {isa = PBXFileReference; lastKnownFileType = sourcecode.swift; path = CarDetailView.swift; sourceTree = "<group>"; };
		5AAFD7E82BA80D410009E324 /* HunterBeesleyDownshiftApp.app */ = {isa = PBXFileReference; explicitFileType = wrapper.application; includeInIndex = 0; path = HunterBeesleyDownshiftApp.app; sourceTree = BUILT_PRODUCTS_DIR; };
		5AAFD7EB2BA80D410009E324 /* HunterBeesleyDownshiftAppApp.swift */ = {isa = PBXFileReference; lastKnownFileType = sourcecode.swift; path = HunterBeesleyDownshiftAppApp.swift; sourceTree = "<group>"; };
		5AAFD7ED2BA80D410009E324 /* ContentView.swift */ = {isa = PBXFileReference; lastKnownFileType = sourcecode.swift; path = ContentView.swift; sourceTree = "<group>"; };
		5AAFD7EF2BA80D440009E324 /* Assets.xcassets */ = {isa = PBXFileReference; lastKnownFileType = folder.assetcatalog; path = Assets.xcassets; sourceTree = "<group>"; };
		5AAFD7F22BA80D440009E324 /* Preview Assets.xcassets */ = {isa = PBXFileReference; lastKnownFileType = folder.assetcatalog; path = "Preview Assets.xcassets"; sourceTree = "<group>"; };
		5AAFD7FB2BA813540009E324 /* NotoSans-Bold.ttf */ = {isa = PBXFileReference; lastKnownFileType = file; path = "NotoSans-Bold.ttf"; sourceTree = "<group>"; };
		5AAFD7FD2BA813B90009E324 /* Info.plist */ = {isa = PBXFileReference; lastKnownFileType = text.plist; path = Info.plist; sourceTree = "<group>"; };
		5AAFD7FE2BA819910009E324 /* FilterView.swift */ = {isa = PBXFileReference; lastKnownFileType = sourcecode.swift; path = FilterView.swift; sourceTree = "<group>"; };
		5AAFD8022BA81E9B0009E324 /* NotoSans-Regular.ttf */ = {isa = PBXFileReference; lastKnownFileType = file; path = "NotoSans-Regular.ttf"; sourceTree = "<group>"; };
/* End PBXFileReference section */

/* Begin PBXFrameworksBuildPhase section */
		5AAFD7E52BA80D410009E324 /* Frameworks */ = {
			isa = PBXFrameworksBuildPhase;
			buildActionMask = 2147483647;
			files = (
			);
			runOnlyForDeploymentPostprocessing = 0;
		};
/* End PBXFrameworksBuildPhase section */

/* Begin PBXGroup section */
		5AAFD7DF2BA80D410009E324 = {
			isa = PBXGroup;
			children = (
				5AAFD7EA2BA80D410009E324 /* HunterBeesleyDownshiftApp */,
				5AAFD7E92BA80D410009E324 /* Products */,
			);
			sourceTree = "<group>";
		};
		5AAFD7E92BA80D410009E324 /* Products */ = {
			isa = PBXGroup;
			children = (
				5AAFD7E82BA80D410009E324 /* HunterBeesleyDownshiftApp.app */,
			);
			name = Products;
			sourceTree = "<group>";
		};
		5AAFD7EA2BA80D410009E324 /* HunterBeesleyDownshiftApp */ = {
			isa = PBXGroup;
			children = (
				5AAFD7FD2BA813B90009E324 /* Info.plist */,
				5AAFD8022BA81E9B0009E324 /* NotoSans-Regular.ttf */,
				5AAFD7FB2BA813540009E324 /* NotoSans-Bold.ttf */,
				5A301B982BA8DC27000F85B1 /* NotoSans-SemiBold.ttf */,
				5AAFD7EB2BA80D410009E324 /* HunterBeesleyDownshiftAppApp.swift */,
				5AAFD7ED2BA80D410009E324 /* ContentView.swift */,
				5A301B962BA8CE59000F85B1 /* CarObject.swift */,
				5A301B9E2BA922C2000F85B1 /* CarList.swift */,
				5A5F552D2BCCA6490031D494 /* LocationManager.swift */,
				5AAFD7FE2BA819910009E324 /* FilterView.swift */,
				5A9E91192BCD00F700BC4422 /* CarDetailView.swift */,
				5A66FDB92C13D59A009F628A /* Config.xcconfig */,
				5A0FD3822BF3FC19003A3D8E /* FilterObject.swift */,
				5A301B9A2BA90107000F85B1 /* SearchResultsView.swift */,
				5A301B9C2BA90120000F85B1 /* MenuView.swift */,
				5AAFD7EF2BA80D440009E324 /* Assets.xcassets */,
				5AAFD7F12BA80D440009E324 /* Preview Content */,
			);
			path = HunterBeesleyDownshiftApp;
			sourceTree = "<group>";
		};
		5AAFD7F12BA80D440009E324 /* Preview Content */ = {
			isa = PBXGroup;
			children = (
				5AAFD7F22BA80D440009E324 /* Preview Assets.xcassets */,
			);
			path = "Preview Content";
			sourceTree = "<group>";
		};
/* End PBXGroup section */

/* Begin PBXNativeTarget section */
		5AAFD7E72BA80D410009E324 /* HunterBeesleyDownshiftApp */ = {
			isa = PBXNativeTarget;
			buildConfigurationList = 5AAFD7F62BA80D440009E324 /* Build configuration list for PBXNativeTarget "HunterBeesleyDownshiftApp" */;
			buildPhases = (
				5AAFD7E42BA80D410009E324 /* Sources */,
				5AAFD7E52BA80D410009E324 /* Frameworks */,
				5AAFD7E62BA80D410009E324 /* Resources */,
			);
			buildRules = (
			);
			dependencies = (
			);
			name = HunterBeesleyDownshiftApp;
			productName = HunterBeesleyDownshiftApp;
			productReference = 5AAFD7E82BA80D410009E324 /* HunterBeesleyDownshiftApp.app */;
			productType = "com.apple.product-type.application";
		};
/* End PBXNativeTarget section */

/* Begin PBXProject section */
		5AAFD7E02BA80D410009E324 /* Project object */ = {
			isa = PBXProject;
			attributes = {
				BuildIndependentTargetsInParallel = 1;
				LastSwiftUpdateCheck = 1520;
				LastUpgradeCheck = 1520;
				TargetAttributes = {
					5AAFD7E72BA80D410009E324 = {
						CreatedOnToolsVersion = 15.2;
					};
				};
			};
			buildConfigurationList = 5AAFD7E32BA80D410009E324 /* Build configuration list for PBXProject "HunterBeesleyDownshiftApp" */;
			compatibilityVersion = "Xcode 14.0";
			developmentRegion = en;
			hasScannedForEncodings = 0;
			knownRegions = (
				en,
				Base,
			);
			mainGroup = 5AAFD7DF2BA80D410009E324;
			productRefGroup = 5AAFD7E92BA80D410009E324 /* Products */;
			projectDirPath = "";
			projectRoot = "";
			targets = (
				5AAFD7E72BA80D410009E324 /* HunterBeesleyDownshiftApp */,
			);
		};
/* End PBXProject section */

/* Begin PBXResourcesBuildPhase section */
		5AAFD7E62BA80D410009E324 /* Resources */ = {
			isa = PBXResourcesBuildPhase;
			buildActionMask = 2147483647;
			files = (
				5AAFD8032BA81E9B0009E324 /* NotoSans-Regular.ttf in Resources */,
				5A301B992BA8DC27000F85B1 /* NotoSans-SemiBold.ttf in Resources */,
				5AAFD7FC2BA813540009E324 /* NotoSans-Bold.ttf in Resources */,
				5AAFD7F32BA80D440009E324 /* Preview Assets.xcassets in Resources */,
				5AAFD7F02BA80D440009E324 /* Assets.xcassets in Resources */,
			);
			runOnlyForDeploymentPostprocessing = 0;
		};
/* End PBXResourcesBuildPhase section */

/* Begin PBXSourcesBuildPhase section */
		5AAFD7E42BA80D410009E324 /* Sources */ = {
			isa = PBXSourcesBuildPhase;
			buildActionMask = 2147483647;
			files = (
				5AAFD7EE2BA80D410009E324 /* ContentView.swift in Sources */,
				5A301B9D2BA90120000F85B1 /* MenuView.swift in Sources */,
				5A0FD3832BF3FC19003A3D8E /* FilterObject.swift in Sources */,
				5A9E911A2BCD00F700BC4422 /* CarDetailView.swift in Sources */,
				5AAFD7EC2BA80D410009E324 /* HunterBeesleyDownshiftAppApp.swift in Sources */,
				5A301B9B2BA90108000F85B1 /* SearchResultsView.swift in Sources */,
				5A301B9F2BA922C2000F85B1 /* CarList.swift in Sources */,
				5AAFD7FF2BA819910009E324 /* FilterView.swift in Sources */,
				5A301B972BA8CE59000F85B1 /* CarObject.swift in Sources */,
				5A5F552E2BCCA6490031D494 /* LocationManager.swift in Sources */,
			);
			runOnlyForDeploymentPostprocessing = 0;
		};
/* End PBXSourcesBuildPhase section */

/* Begin XCBuildConfiguration section */
		5AAFD7F42BA80D440009E324 /* Debug */ = {
			isa = XCBuildConfiguration;
			baseConfigurationReference = 5A66FDB92C13D59A009F628A /* Config.xcconfig */;
			buildSettings = {
				ALWAYS_SEARCH_USER_PATHS = NO;
				ASSETCATALOG_COMPILER_GENERATE_SWIFT_ASSET_SYMBOL_EXTENSIONS = YES;
				CLANG_ANALYZER_NONNULL = YES;
				CLANG_ANALYZER_NUMBER_OBJECT_CONVERSION = YES_AGGRESSIVE;
				CLANG_CXX_LANGUAGE_STANDARD = "gnu++20";
				CLANG_ENABLE_MODULES = YES;
				CLANG_ENABLE_OBJC_ARC = YES;
				CLANG_ENABLE_OBJC_WEAK = YES;
				CLANG_WARN_BLOCK_CAPTURE_AUTORELEASING = YES;
				CLANG_WARN_BOOL_CONVERSION = YES;
				CLANG_WARN_COMMA = YES;
				CLANG_WARN_CONSTANT_CONVERSION = YES;
				CLANG_WARN_DEPRECATED_OBJC_IMPLEMENTATIONS = YES;
				CLANG_WARN_DIRECT_OBJC_ISA_USAGE = YES_ERROR;
				CLANG_WARN_DOCUMENTATION_COMMENTS = YES;
				CLANG_WARN_EMPTY_BODY = YES;
				CLANG_WARN_ENUM_CONVERSION = YES;
				CLANG_WARN_INFINITE_RECURSION = YES;
				CLANG_WARN_INT_CONVERSION = YES;
				CLANG_WARN_NON_LITERAL_NULL_CONVERSION = YES;
				CLANG_WARN_OBJC_IMPLICIT_RETAIN_SELF = YES;
				CLANG_WARN_OBJC_LITERAL_CONVERSION = YES;
				CLANG_WARN_OBJC_ROOT_CLASS = YES_ERROR;
				CLANG_WARN_QUOTED_INCLUDE_IN_FRAMEWORK_HEADER = YES;
				CLANG_WARN_RANGE_LOOP_ANALYSIS = YES;
				CLANG_WARN_STRICT_PROTOTYPES = YES;
				CLANG_WARN_SUSPICIOUS_MOVE = YES;
				CLANG_WARN_UNGUARDED_AVAILABILITY = YES_AGGRESSIVE;
				CLANG_WARN_UNREACHABLE_CODE = YES;
				CLANG_WARN__DUPLICATE_METHOD_MATCH = YES;
				COPY_PHASE_STRIP = NO;
				DEBUG_INFORMATION_FORMAT = dwarf;
				ENABLE_STRICT_OBJC_MSGSEND = YES;
				ENABLE_TESTABILITY = YES;
				ENABLE_USER_SCRIPT_SANDBOXING = YES;
				GCC_C_LANGUAGE_STANDARD = gnu17;
				GCC_DYNAMIC_NO_PIC = NO;
				GCC_NO_COMMON_BLOCKS = YES;
				GCC_OPTIMIZATION_LEVEL = 0;
				GCC_PREPROCESSOR_DEFINITIONS = (
					"DEBUG=1",
					"$(inherited)",
				);
				GCC_WARN_64_TO_32_BIT_CONVERSION = YES;
				GCC_WARN_ABOUT_RETURN_TYPE = YES_ERROR;
				GCC_WARN_UNDECLARED_SELECTOR = YES;
				GCC_WARN_UNINITIALIZED_AUTOS = YES_AGGRESSIVE;
				GCC_WARN_UNUSED_FUNCTION = YES;
				GCC_WARN_UNUSED_VARIABLE = YES;
				IPHONEOS_DEPLOYMENT_TARGET = 17.2;
				LOCALIZATION_PREFERS_STRING_CATALOGS = YES;
				MTL_ENABLE_DEBUG_INFO = INCLUDE_SOURCE;
				MTL_FAST_MATH = YES;
				ONLY_ACTIVE_ARCH = YES;
				SDKROOT = iphoneos;
				SWIFT_ACTIVE_COMPILATION_CONDITIONS = "DEBUG $(inherited)";
				SWIFT_OPTIMIZATION_LEVEL = "-Onone";
			};
			name = Debug;
		};
		5AAFD7F52BA80D440009E324 /* Release */ = {
			isa = XCBuildConfiguration;
			baseConfigurationReference = 5A66FDB92C13D59A009F628A /* Config.xcconfig */;
			buildSettings = {
				ALWAYS_SEARCH_USER_PATHS = NO;
				ASSETCATALOG_COMPILER_GENERATE_SWIFT_ASSET_SYMBOL_EXTENSIONS = YES;
				CLANG_ANALYZER_NONNULL = YES;
				CLANG_ANALYZER_NUMBER_OBJECT_CONVERSION = YES_AGGRESSIVE;
				CLANG_CXX_LANGUAGE_STANDARD = "gnu++20";
				CLANG_ENABLE_MODULES = YES;
				CLANG_ENABLE_OBJC_ARC = YES;
				CLANG_ENABLE_OBJC_WEAK = YES;
				CLANG_WARN_BLOCK_CAPTURE_AUTORELEASING = YES;
				CLANG_WARN_BOOL_CONVERSION = YES;
				CLANG_WARN_COMMA = YES;
				CLANG_WARN_CONSTANT_CONVERSION = YES;
				CLANG_WARN_DEPRECATED_OBJC_IMPLEMENTATIONS = YES;
				CLANG_WARN_DIRECT_OBJC_ISA_USAGE = YES_ERROR;
				CLANG_WARN_DOCUMENTATION_COMMENTS = YES;
				CLANG_WARN_EMPTY_BODY = YES;
				CLANG_WARN_ENUM_CONVERSION = YES;
				CLANG_WARN_INFINITE_RECURSION = YES;
				CLANG_WARN_INT_CONVERSION = YES;
				CLANG_WARN_NON_LITERAL_NULL_CONVERSION = YES;
				CLANG_WARN_OBJC_IMPLICIT_RETAIN_SELF = YES;
				CLANG_WARN_OBJC_LITERAL_CONVERSION = YES;
				CLANG_WARN_OBJC_ROOT_CLASS = YES_ERROR;
				CLANG_WARN_QUOTED_INCLUDE_IN_FRAMEWORK_HEADER = YES;
				CLANG_WARN_RANGE_LOOP_ANALYSIS = YES;
				CLANG_WARN_STRICT_PROTOTYPES = YES;
				CLANG_WARN_SUSPICIOUS_MOVE = YES;
				CLANG_WARN_UNGUARDED_AVAILABILITY = YES_AGGRESSIVE;
				CLANG_WARN_UNREACHABLE_CODE = YES;
				CLANG_WARN__DUPLICATE_METHOD_MATCH = YES;
				COPY_PHASE_STRIP = NO;
				DEBUG_INFORMATION_FORMAT = "dwarf-with-dsym";
				ENABLE_NS_ASSERTIONS = NO;
				ENABLE_STRICT_OBJC_MSGSEND = YES;
				ENABLE_USER_SCRIPT_SANDBOXING = YES;
				GCC_C_LANGUAGE_STANDARD = gnu17;
				GCC_NO_COMMON_BLOCKS = YES;
				GCC_WARN_64_TO_32_BIT_CONVERSION = YES;
				GCC_WARN_ABOUT_RETURN_TYPE = YES_ERROR;
				GCC_WARN_UNDECLARED_SELECTOR = YES;
				GCC_WARN_UNINITIALIZED_AUTOS = YES_AGGRESSIVE;
				GCC_WARN_UNUSED_FUNCTION = YES;
				GCC_WARN_UNUSED_VARIABLE = YES;
				IPHONEOS_DEPLOYMENT_TARGET = 17.2;
				LOCALIZATION_PREFERS_STRING_CATALOGS = YES;
				MTL_ENABLE_DEBUG_INFO = NO;
				MTL_FAST_MATH = YES;
				SDKROOT = iphoneos;
				SWIFT_COMPILATION_MODE = wholemodule;
				VALIDATE_PRODUCT = YES;
			};
			name = Release;
		};
		5AAFD7F72BA80D440009E324 /* Debug */ = {
			isa = XCBuildConfiguration;
			buildSettings = {
				ASSETCATALOG_COMPILER_APPICON_NAME = AppIcon;
				ASSETCATALOG_COMPILER_GLOBAL_ACCENT_COLOR_NAME = AccentColor;
				CODE_SIGN_STYLE = Automatic;
				CURRENT_PROJECT_VERSION = 1;
				DEVELOPMENT_ASSET_PATHS = "\"HunterBeesleyDownshiftApp/Preview Content\"";
				DEVELOPMENT_TEAM = R8J6TM9423;
				ENABLE_PREVIEWS = YES;
				GENERATE_INFOPLIST_FILE = YES;
				INFOPLIST_FILE = HunterBeesleyDownshiftApp/Info.plist;
				INFOPLIST_KEY_NSLocationWhenInUseUsageDescription = "Allow us to access your location so we can find cars available near you.";
				INFOPLIST_KEY_UIApplicationSceneManifest_Generation = YES;
				INFOPLIST_KEY_UIApplicationSupportsIndirectInputEvents = YES;
				INFOPLIST_KEY_UILaunchScreen_Generation = YES;
				INFOPLIST_KEY_UISupportedInterfaceOrientations_iPad = "UIInterfaceOrientationPortrait UIInterfaceOrientationPortraitUpsideDown UIInterfaceOrientationLandscapeLeft UIInterfaceOrientationLandscapeRight";
				INFOPLIST_KEY_UISupportedInterfaceOrientations_iPhone = "UIInterfaceOrientationPortrait UIInterfaceOrientationLandscapeLeft UIInterfaceOrientationLandscapeRight";
				LD_RUNPATH_SEARCH_PATHS = (
					"$(inherited)",
					"@executable_path/Frameworks",
				);
				MARKETING_VERSION = 1.0;
				PRODUCT_BUNDLE_IDENTIFIER = hb.HunterBeesleyDownshiftApp;
				PRODUCT_NAME = "$(TARGET_NAME)";
				SWIFT_EMIT_LOC_STRINGS = YES;
				SWIFT_VERSION = 5.0;
				TARGETED_DEVICE_FAMILY = "1,2";
			};
			name = Debug;
		};
		5AAFD7F82BA80D440009E324 /* Release */ = {
			isa = XCBuildConfiguration;
			buildSettings = {
				ASSETCATALOG_COMPILER_APPICON_NAME = AppIcon;
				ASSETCATALOG_COMPILER_GLOBAL_ACCENT_COLOR_NAME = AccentColor;
				CODE_SIGN_STYLE = Automatic;
				CURRENT_PROJECT_VERSION = 1;
				DEVELOPMENT_ASSET_PATHS = "\"HunterBeesleyDownshiftApp/Preview Content\"";
				DEVELOPMENT_TEAM = R8J6TM9423;
				ENABLE_PREVIEWS = YES;
				GENERATE_INFOPLIST_FILE = YES;
				INFOPLIST_FILE = HunterBeesleyDownshiftApp/Info.plist;
				INFOPLIST_KEY_NSLocationWhenInUseUsageDescription = "Allow us to access your location so we can find cars available near you.";
				INFOPLIST_KEY_UIApplicationSceneManifest_Generation = YES;
				INFOPLIST_KEY_UIApplicationSupportsIndirectInputEvents = YES;
				INFOPLIST_KEY_UILaunchScreen_Generation = YES;
				INFOPLIST_KEY_UISupportedInterfaceOrientations_iPad = "UIInterfaceOrientationPortrait UIInterfaceOrientationPortraitUpsideDown UIInterfaceOrientationLandscapeLeft UIInterfaceOrientationLandscapeRight";
				INFOPLIST_KEY_UISupportedInterfaceOrientations_iPhone = "UIInterfaceOrientationPortrait UIInterfaceOrientationLandscapeLeft UIInterfaceOrientationLandscapeRight";
				LD_RUNPATH_SEARCH_PATHS = (
					"$(inherited)",
					"@executable_path/Frameworks",
				);
				MARKETING_VERSION = 1.0;
				PRODUCT_BUNDLE_IDENTIFIER = hb.HunterBeesleyDownshiftApp;
				PRODUCT_NAME = "$(TARGET_NAME)";
				SWIFT_EMIT_LOC_STRINGS = YES;
				SWIFT_VERSION = 5.0;
				TARGETED_DEVICE_FAMILY = "1,2";
			};
			name = Release;
		};
/* End XCBuildConfiguration section */

/* Begin XCConfigurationList section */
		5AAFD7E32BA80D410009E324 /* Build configuration list for PBXProject "HunterBeesleyDownshiftApp" */ = {
			isa = XCConfigurationList;
			buildConfigurations = (
				5AAFD7F42BA80D440009E324 /* Debug */,
				5AAFD7F52BA80D440009E324 /* Release */,
			);
			defaultConfigurationIsVisible = 0;
			defaultConfigurationName = Release;
		};
		5AAFD7F62BA80D440009E324 /* Build configuration list for PBXNativeTarget "HunterBeesleyDownshiftApp" */ = {
			isa = XCConfigurationList;
			buildConfigurations = (
				5AAFD7F72BA80D440009E324 /* Debug */,
				5AAFD7F82BA80D440009E324 /* Release */,
			);
			defaultConfigurationIsVisible = 0;
			defaultConfigurationName = Release;
		};
/* End XCConfigurationList section */
	};
	rootObject = 5AAFD7E02BA80D410009E324 /* Project object */;
}
